
Microsoft Visual Studio Solution File, Format Version 12.00
# Visual Studio Version 17
VisualStudioVersion = 17.14.35821.62 d17.14
MinimumVisualStudioVersion = 10.0.40219.1
Project("{FAE04EC0-301F-11D3-BF4B-00C04F79EFBC}") = "Console_UseAI", "Console_UseAI\Console_UseAI.csproj", "{8F703059-9A22-45B6-9F51-987EB36288B1}"
EndProject
Global
	GlobalSection(SolutionConfigurationPlatforms) = preSolution
		Debug|Any CPU = Debug|Any CPU
		Release|Any CPU = Release|Any CPU
	EndGlobalSection
	GlobalSection(ProjectConfigurationPlatforms) = postSolution
		{8F703059-9A22-45B6-9F51-987EB36288B1}.Debug|Any CPU.ActiveCfg = Debug|Any CPU
		{8F703059-9A22-45B6-9F51-987EB36288B1}.Debug|Any CPU.Build.0 = Debug|Any CPU
		{8F703059-9A22-45B6-9F51-987EB36288B1}.Release|Any CPU.ActiveCfg = Release|Any CPU
		{8F703059-9A22-45B6-9F51-987EB36288B1}.Release|Any CPU.Build.0 = Release|Any CPU
	EndGlobalSection
	GlobalSection(SolutionProperties) = preSolution
		HideSolutionNode = FALSE
	EndGlobalSection
	GlobalSection(ExtensibilityGlobals) = postSolution
		SolutionGuid = {79DFEB24-6F04-40D4-BBCF-01BD30E060E9}
	EndGlobalSection
EndGlobal
